
Microsoft Visual Studio Solution File, Format Version 12.00
# Visual Studio Version 17
VisualStudioVersion = 17.9.34728.123
MinimumVisualStudioVersion = 10.0.40219.1
Project("{FAE04EC0-301F-11D3-BF4B-00C04F79EFBC}") = "MauiApp1", "MauiApp1\MauiApp1.csproj", "{8BC06B3C-3007-4B06-AF90-7692CD4E1B38}"
EndProject
Global
	GlobalSection(SolutionConfigurationPlatforms) = preSolution
		Debug|Any CPU = Debug|Any CPU
		Release|Any CPU = Release|Any CPU
	EndGlobalSection
	GlobalSection(ProjectConfigurationPlatforms) = postSolution
		{8BC06B3C-3007-4B06-AF90-7692CD4E1B38}.Debug|Any CPU.ActiveCfg = Debug|Any CPU
		{8BC06B3C-3007-4B06-AF90-7692CD4E1B38}.Debug|Any CPU.Build.0 = Debug|Any CPU
		{8BC06B3C-3007-4B06-AF90-7692CD4E1B38}.Debug|Any CPU.Deploy.0 = Debug|Any CPU
		{8BC06B3C-3007-4B06-AF90-7692CD4E1B38}.Release|Any CPU.ActiveCfg = Release|Any CPU
		{8BC06B3C-3007-4B06-AF90-7692CD4E1B38}.Release|Any CPU.Build.0 = Release|Any CPU
		{8BC06B3C-3007-4B06-AF90-7692CD4E1B38}.Release|Any CPU.Deploy.0 = Release|Any CPU
	EndGlobalSection
	GlobalSection(SolutionProperties) = preSolution
		HideSolutionNode = FALSE
	EndGlobalSection
	GlobalSection(ExtensibilityGlobals) = postSolution
		SolutionGuid = {AB44ECFE-A8E3-4227-B8C5-868A67330811}
	EndGlobalSection
EndGlobal
